
Microsoft Visual Studio Solution File, Format Version 12.00
# Visual Studio Version 16
VisualStudioVersion = 16.0.31613.86
MinimumVisualStudioVersion = 10.0.40219.1
Project("{FAE04EC0-301F-11D3-BF4B-00C04F79EFBC}") = "QR Barcode Generate", "QR Barcode Generate\QR Barcode Generate.csproj", "{3C9E31F3-4220-4EB1-95AB-8AC58B37711C}"
EndProject
Global
	GlobalSection(SolutionConfigurationPlatforms) = preSolution
		Debug|Any CPU = Debug|Any CPU
		Release|Any CPU = Release|Any CPU
	EndGlobalSection
	GlobalSection(ProjectConfigurationPlatforms) = postSolution
		{3C9E31F3-4220-4EB1-95AB-8AC58B37711C}.Debug|Any CPU.ActiveCfg = Debug|Any CPU
		{3C9E31F3-4220-4EB1-95AB-8AC58B37711C}.Debug|Any CPU.Build.0 = Debug|Any CPU
		{3C9E31F3-4220-4EB1-95AB-8AC58B37711C}.Release|Any CPU.ActiveCfg = Release|Any CPU
		{3C9E31F3-4220-4EB1-95AB-8AC58B37711C}.Release|Any CPU.Build.0 = Release|Any CPU
	EndGlobalSection
	GlobalSection(SolutionProperties) = preSolution
		HideSolutionNode = FALSE
	EndGlobalSection
	GlobalSection(ExtensibilityGlobals) = postSolution
		SolutionGuid = {858D3BBD-B02F-4785-8DEB-F52A74B77ED4}
	EndGlobalSection
EndGlobal
